
Microsoft Visual Studio Solution File, Format Version 12.00
# Visual Studio Version 17
VisualStudioVersion = 17.13.35828.75 d17.13
MinimumVisualStudioVersion = 10.0.40219.1
Project("{FAE04EC0-301F-11D3-BF4B-00C04F79EFBC}") = "MagicVilla_API", "MagicVilla_API\MagicVilla_API.csproj", "{4CB7B5FC-29C5-45EE-AA6F-E4CC8B2D9901}"
EndProject
Global
	GlobalSection(SolutionConfigurationPlatforms) = preSolution
		Debug|Any CPU = Debug|Any CPU
		Release|Any CPU = Release|Any CPU
	EndGlobalSection
	GlobalSection(ProjectConfigurationPlatforms) = postSolution
		{4CB7B5FC-29C5-45EE-AA6F-E4CC8B2D9901}.Debug|Any CPU.ActiveCfg = Debug|Any CPU
		{4CB7B5FC-29C5-45EE-AA6F-E4CC8B2D9901}.Debug|Any CPU.Build.0 = Debug|Any CPU
		{4CB7B5FC-29C5-45EE-AA6F-E4CC8B2D9901}.Release|Any CPU.ActiveCfg = Release|Any CPU
		{4CB7B5FC-29C5-45EE-AA6F-E4CC8B2D9901}.Release|Any CPU.Build.0 = Release|Any CPU
	EndGlobalSection
	GlobalSection(SolutionProperties) = preSolution
		HideSolutionNode = FALSE
	EndGlobalSection
	GlobalSection(ExtensibilityGlobals) = postSolution
		SolutionGuid = {E443559A-65DB-42DC-83C5-8EC0C5BCCF19}
	EndGlobalSection
EndGlobal
